// !$*UTF8*$!
{
	archiveVersion = 1;
	classes = {
	};
	objectVersion = 77;
	objects = {

/* Begin PBXContainerItemProxy section */
		891A41842D5A8A9800D5343B /* PBXContainerItemProxy */ = {
			isa = PBXContainerItemProxy;
			containerPortal = 891A416B2D5A8A9600D5343B /* Project object */;
			proxyType = 1;
			remoteGlobalIDString = 891A41722D5A8A9600D5343B;
			remoteInfo = "Spotify Project";
		};
		891A418E2D5A8A9800D5343B /* PBXContainerItemProxy */ = {
			isa = PBXContainerItemProxy;
			containerPortal = 891A416B2D5A8A9600D5343B /* Project object */;
			proxyType = 1;
			remoteGlobalIDString = 891A41722D5A8A9600D5343B;
			remoteInfo = "Spotify Project";
		};
/* End PBXContainerItemProxy section */

/* Begin PBXFileReference section */
		891A41732D5A8A9600D5343B /* Spotify Project.app */ = {isa = PBXFileReference; explicitFileType = wrapper.application; includeInIndex = 0; path = "Spotify Project.app"; sourceTree = BUILT_PRODUCTS_DIR; };
		891A41832D5A8A9800D5343B /* Spotify ProjectTests.xctest */ = {isa = PBXFileReference; explicitFileType = wrapper.cfbundle; includeInIndex = 0; path = "Spotify ProjectTests.xctest"; sourceTree = BUILT_PRODUCTS_DIR; };
		891A418D2D5A8A9800D5343B /* Spotify ProjectUITests.xctest */ = {isa = PBXFileReference; explicitFileType = wrapper.cfbundle; includeInIndex = 0; path = "Spotify ProjectUITests.xctest"; sourceTree = BUILT_PRODUCTS_DIR; };
/* End PBXFileReference section */

/* Begin PBXFileSystemSynchronizedRootGroup section */
		891A41752D5A8A9600D5343B /* Spotify Project */ = {
			isa = PBXFileSystemSynchronizedRootGroup;
			path = "Spotify Project";
			sourceTree = "<group>";
		};
		891A41862D5A8A9800D5343B /* Spotify ProjectTests */ = {
			isa = PBXFileSystemSynchronizedRootGroup;
			path = "Spotify ProjectTests";
			sourceTree = "<group>";
		};
		891A41902D5A8A9800D5343B /* Spotify ProjectUITests */ = {
			isa = PBXFileSystemSynchronizedRootGroup;
			path = "Spotify ProjectUITests";
			sourceTree = "<group>";
		};
/* End PBXFileSystemSynchronizedRootGroup section */

/* Begin PBXFrameworksBuildPhase section */
		891A41702D5A8A9600D5343B /* Frameworks */ = {
			isa = PBXFrameworksBuildPhase;
			buildActionMask = 2147483647;
			files = (
			);
			runOnlyForDeploymentPostprocessing = 0;
		};
		891A41802D5A8A9800D5343B /* Frameworks */ = {
			isa = PBXFrameworksBuildPhase;
			buildActionMask = 2147483647;
			files = (
			);
			runOnlyForDeploymentPostprocessing = 0;
		};
		891A418A2D5A8A9800D5343B /* Frameworks */ = {
			isa = PBXFrameworksBuildPhase;
			buildActionMask = 2147483647;
			files = (
			);
			runOnlyForDeploymentPostprocessing = 0;
		};
/* End PBXFrameworksBuildPhase section */

/* Begin PBXGroup section */
		891A416A2D5A8A9600D5343B = {
			isa = PBXGroup;
			children = (
				891A41752D5A8A9600D5343B /* Spotify Project */,
				891A41862D5A8A9800D5343B /* Spotify ProjectTests */,
				891A41902D5A8A9800D5343B /* Spotify ProjectUITests */,
				891A41742D5A8A9600D5343B /* Products */,
			);
			sourceTree = "<group>";
		};
		891A41742D5A8A9600D5343B /* Products */ = {
			isa = PBXGroup;
			children = (
				891A41732D5A8A9600D5343B /* Spotify Project.app */,
				891A41832D5A8A9800D5343B /* Spotify ProjectTests.xctest */,
				891A418D2D5A8A9800D5343B /* Spotify ProjectUITests.xctest */,
			);
			name = Products;
			sourceTree = "<group>";
		};
/* End PBXGroup section */

/* Begin PBXNativeTarget section */
		891A41722D5A8A9600D5343B /* Spotify Project */ = {
			isa = PBXNativeTarget;
			buildConfigurationList = 891A41972D5A8A9800D5343B /* Build configuration list for PBXNativeTarget "Spotify Project" */;
			buildPhases = (
				891A416F2D5A8A9600D5343B /* Sources */,
				891A41702D5A8A9600D5343B /* Frameworks */,
				891A41712D5A8A9600D5343B /* Resources */,
			);
			buildRules = (
			);
			dependencies = (
			);
			fileSystemSynchronizedGroups = (
				891A41752D5A8A9600D5343B /* Spotify Project */,
			);
			name = "Spotify Project";
			packageProductDependencies = (
			);
			productName = "Spotify Project";
			productReference = 891A41732D5A8A9600D5343B /* Spotify Project.app */;
			productType = "com.apple.product-type.application";
		};
		891A41822D5A8A9800D5343B /* Spotify ProjectTests */ = {
			isa = PBXNativeTarget;
			buildConfigurationList = 891A419A2D5A8A9800D5343B /* Build configuration list for PBXNativeTarget "Spotify ProjectTests" */;
			buildPhases = (
				891A417F2D5A8A9800D5343B /* Sources */,
				891A41802D5A8A9800D5343B /* Frameworks */,
				891A41812D5A8A9800D5343B /* Resources */,
			);
			buildRules = (
			);
			dependencies = (
				891A41852D5A8A9800D5343B /* PBXTargetDependency */,
			);
			fileSystemSynchronizedGroups = (
				891A41862D5A8A9800D5343B /* Spotify ProjectTests */,
			);
			name = "Spotify ProjectTests";
			packageProductDependencies = (
			);
			productName = "Spotify ProjectTests";
			productReference = 891A41832D5A8A9800D5343B /* Spotify ProjectTests.xctest */;
			productType = "com.apple.product-type.bundle.unit-test";
		};
		891A418C2D5A8A9800D5343B /* Spotify ProjectUITests */ = {
			isa = PBXNativeTarget;
			buildConfigurationList = 891A419D2D5A8A9800D5343B /* Build configuration list for PBXNativeTarget "Spotify ProjectUITests" */;
			buildPhases = (
				891A41892D5A8A9800D5343B /* Sources */,
				891A418A2D5A8A9800D5343B /* Frameworks */,
				891A418B2D5A8A9800D5343B /* Resources */,
			);
			buildRules = (
			);
			dependencies = (
				891A418F2D5A8A9800D5343B /* PBXTargetDependency */,
			);
			fileSystemSynchronizedGroups = (
				891A41902D5A8A9800D5343B /* Spotify ProjectUITests */,
			);
			name = "Spotify ProjectUITests";
			packageProductDependencies = (
			);
			productName = "Spotify ProjectUITests";
			productReference = 891A418D2D5A8A9800D5343B /* Spotify ProjectUITests.xctest */;
			productType = "com.apple.product-type.bundle.ui-testing";
		};
/* End PBXNativeTarget section */

/* Begin PBXProject section */
		891A416B2D5A8A9600D5343B /* Project object */ = {
			isa = PBXProject;
			attributes = {
				BuildIndependentTargetsInParallel = 1;
				LastSwiftUpdateCheck = 1620;
				LastUpgradeCheck = 1620;
				TargetAttributes = {
					891A41722D5A8A9600D5343B = {
						CreatedOnToolsVersion = 16.2;
					};
					891A41822D5A8A9800D5343B = {
						CreatedOnToolsVersion = 16.2;
						TestTargetID = 891A41722D5A8A9600D5343B;
					};
					891A418C2D5A8A9800D5343B = {
						CreatedOnToolsVersion = 16.2;
						TestTargetID = 891A41722D5A8A9600D5343B;
					};
				};
			};
			buildConfigurationList = 891A416E2D5A8A9600D5343B /* Build configuration list for PBXProject "Spotify Project" */;
			developmentRegion = en;
			hasScannedForEncodings = 0;
			knownRegions = (
				en,
				Base,
			);
			mainGroup = 891A416A2D5A8A9600D5343B;
			minimizedProjectReferenceProxies = 1;
			preferredProjectObjectVersion = 77;
			productRefGroup = 891A41742D5A8A9600D5343B /* Products */;
			projectDirPath = "";
			projectRoot = "";
			targets = (
				891A41722D5A8A9600D5343B /* Spotify Project */,
				891A41822D5A8A9800D5343B /* Spotify ProjectTests */,
				891A418C2D5A8A9800D5343B /* Spotify ProjectUITests */,
			);
		};
/* End PBXProject section */

/* Begin PBXResourcesBuildPhase section */
		891A41712D5A8A9600D5343B /* Resources */ = {
			isa = PBXResourcesBuildPhase;
			buildActionMask = 2147483647;
			files = (
			);
			runOnlyForDeploymentPostprocessing = 0;
		};
		891A41812D5A8A9800D5343B /* Resources */ = {
			isa = PBXResourcesBuildPhase;
			buildActionMask = 2147483647;
			files = (
			);
			runOnlyForDeploymentPostprocessing = 0;
		};
		891A418B2D5A8A9800D5343B /* Resources */ = {
			isa = PBXResourcesBuildPhase;
			buildActionMask = 2147483647;
			files = (
			);
			runOnlyForDeploymentPostprocessing = 0;
		};
/* End PBXResourcesBuildPhase section */

/* Begin PBXSourcesBuildPhase section */
		891A416F2D5A8A9600D5343B /* Sources */ = {
			isa = PBXSourcesBuildPhase;
			buildActionMask = 2147483647;
			files = (
			);
			runOnlyForDeploymentPostprocessing = 0;
		};
		891A417F2D5A8A9800D5343B /* Sources */ = {
			isa = PBXSourcesBuildPhase;
			buildActionMask = 2147483647;
			files = (
			);
			runOnlyForDeploymentPostprocessing = 0;
		};
		891A41892D5A8A9800D5343B /* Sources */ = {
			isa = PBXSourcesBuildPhase;
			buildActionMask = 2147483647;
			files = (
			);
			runOnlyForDeploymentPostprocessing = 0;
		};
/* End PBXSourcesBuildPhase section */

/* Begin PBXTargetDependency section */
		891A41852D5A8A9800D5343B /* PBXTargetDependency */ = {
			isa = PBXTargetDependency;
			target = 891A41722D5A8A9600D5343B /* Spotify Project */;
			targetProxy = 891A41842D5A8A9800D5343B /* PBXContainerItemProxy */;
		};
		891A418F2D5A8A9800D5343B /* PBXTargetDependency */ = {
			isa = PBXTargetDependency;
			target = 891A41722D5A8A9600D5343B /* Spotify Project */;
			targetProxy = 891A418E2D5A8A9800D5343B /* PBXContainerItemProxy */;
		};
/* End PBXTargetDependency section */

/* Begin XCBuildConfiguration section */
		891A41952D5A8A9800D5343B /* Debug */ = {
			isa = XCBuildConfiguration;
			buildSettings = {
				ALWAYS_SEARCH_USER_PATHS = NO;
				ASSETCATALOG_COMPILER_GENERATE_SWIFT_ASSET_SYMBOL_EXTENSIONS = YES;
				CLANG_ANALYZER_NONNULL = YES;
				CLANG_ANALYZER_NUMBER_OBJECT_CONVERSION = YES_AGGRESSIVE;
				CLANG_CXX_LANGUAGE_STANDARD = "gnu++20";
				CLANG_ENABLE_MODULES = YES;
				CLANG_ENABLE_OBJC_ARC = YES;
				CLANG_ENABLE_OBJC_WEAK = YES;
				CLANG_WARN_BLOCK_CAPTURE_AUTORELEASING = YES;
				CLANG_WARN_BOOL_CONVERSION = YES;
				CLANG_WARN_COMMA = YES;
				CLANG_WARN_CONSTANT_CONVERSION = YES;
				CLANG_WARN_DEPRECATED_OBJC_IMPLEMENTATIONS = YES;
				CLANG_WARN_DIRECT_OBJC_ISA_USAGE = YES_ERROR;
				CLANG_WARN_DOCUMENTATION_COMMENTS = YES;
				CLANG_WARN_EMPTY_BODY = YES;
				CLANG_WARN_ENUM_CONVERSION = YES;
				CLANG_WARN_INFINITE_RECURSION = YES;
				CLANG_WARN_INT_CONVERSION = YES;
				CLANG_WARN_NON_LITERAL_NULL_CONVERSION = YES;
				CLANG_WARN_OBJC_IMPLICIT_RETAIN_SELF = YES;
				CLANG_WARN_OBJC_LITERAL_CONVERSION = YES;
				CLANG_WARN_OBJC_ROOT_CLASS = YES_ERROR;
				CLANG_WARN_QUOTED_INCLUDE_IN_FRAMEWORK_HEADER = YES;
				CLANG_WARN_RANGE_LOOP_ANALYSIS = YES;
				CLANG_WARN_STRICT_PROTOTYPES = YES;
				CLANG_WARN_SUSPICIOUS_MOVE = YES;
				CLANG_WARN_UNGUARDED_AVAILABILITY = YES_AGGRESSIVE;
				CLANG_WARN_UNREACHABLE_CODE = YES;
				CLANG_WARN__DUPLICATE_METHOD_MATCH = YES;
				COPY_PHASE_STRIP = NO;
				DEBUG_INFORMATION_FORMAT = dwarf;
				ENABLE_STRICT_OBJC_MSGSEND = YES;
				ENABLE_TESTABILITY = YES;
				ENABLE_USER_SCRIPT_SANDBOXING = YES;
				GCC_C_LANGUAGE_STANDARD = gnu17;
				GCC_DYNAMIC_NO_PIC = NO;
				GCC_NO_COMMON_BLOCKS = YES;
				GCC_OPTIMIZATION_LEVEL = 0;
				GCC_PREPROCESSOR_DEFINITIONS = (
					"DEBUG=1",
					"$(inherited)",
				);
				GCC_WARN_64_TO_32_BIT_CONVERSION = YES;
				GCC_WARN_ABOUT_RETURN_TYPE = YES_ERROR;
				GCC_WARN_UNDECLARED_SELECTOR = YES;
				GCC_WARN_UNINITIALIZED_AUTOS = YES_AGGRESSIVE;
				GCC_WARN_UNUSED_FUNCTION = YES;
				GCC_WARN_UNUSED_VARIABLE = YES;
				IPHONEOS_DEPLOYMENT_TARGET = 18.2;
				LOCALIZATION_PREFERS_STRING_CATALOGS = YES;
				MTL_ENABLE_DEBUG_INFO = INCLUDE_SOURCE;
				MTL_FAST_MATH = YES;
				ONLY_ACTIVE_ARCH = YES;
				SDKROOT = iphoneos;
				SWIFT_ACTIVE_COMPILATION_CONDITIONS = "DEBUG $(inherited)";
				SWIFT_OPTIMIZATION_LEVEL = "-Onone";
			};
			name = Debug;
		};
		891A41962D5A8A9800D5343B /* Release */ = {
			isa = XCBuildConfiguration;
			buildSettings = {
				ALWAYS_SEARCH_USER_PATHS = NO;
				ASSETCATALOG_COMPILER_GENERATE_SWIFT_ASSET_SYMBOL_EXTENSIONS = YES;
				CLANG_ANALYZER_NONNULL = YES;
				CLANG_ANALYZER_NUMBER_OBJECT_CONVERSION = YES_AGGRESSIVE;
				CLANG_CXX_LANGUAGE_STANDARD = "gnu++20";
				CLANG_ENABLE_MODULES = YES;
				CLANG_ENABLE_OBJC_ARC = YES;
				CLANG_ENABLE_OBJC_WEAK = YES;
				CLANG_WARN_BLOCK_CAPTURE_AUTORELEASING = YES;
				CLANG_WARN_BOOL_CONVERSION = YES;
				CLANG_WARN_COMMA = YES;
				CLANG_WARN_CONSTANT_CONVERSION = YES;
				CLANG_WARN_DEPRECATED_OBJC_IMPLEMENTATIONS = YES;
				CLANG_WARN_DIRECT_OBJC_ISA_USAGE = YES_ERROR;
				CLANG_WARN_DOCUMENTATION_COMMENTS = YES;
				CLANG_WARN_EMPTY_BODY = YES;
				CLANG_WARN_ENUM_CONVERSION = YES;
				CLANG_WARN_INFINITE_RECURSION = YES;
				CLANG_WARN_INT_CONVERSION = YES;
				CLANG_WARN_NON_LITERAL_NULL_CONVERSION = YES;
				CLANG_WARN_OBJC_IMPLICIT_RETAIN_SELF = YES;
				CLANG_WARN_OBJC_LITERAL_CONVERSION = YES;
				CLANG_WARN_OBJC_ROOT_CLASS = YES_ERROR;
				CLANG_WARN_QUOTED_INCLUDE_IN_FRAMEWORK_HEADER = YES;
				CLANG_WARN_RANGE_LOOP_ANALYSIS = YES;
				CLANG_WARN_STRICT_PROTOTYPES = YES;
				CLANG_WARN_SUSPICIOUS_MOVE = YES;
				CLANG_WARN_UNGUARDED_AVAILABILITY = YES_AGGRESSIVE;
				CLANG_WARN_UNREACHABLE_CODE = YES;
				CLANG_WARN__DUPLICATE_METHOD_MATCH = YES;
				COPY_PHASE_STRIP = NO;
				DEBUG_INFORMATION_FORMAT = "dwarf-with-dsym";
				ENABLE_NS_ASSERTIONS = NO;
				ENABLE_STRICT_OBJC_MSGSEND = YES;
				ENABLE_USER_SCRIPT_SANDBOXING = YES;
				GCC_C_LANGUAGE_STANDARD = gnu17;
				GCC_NO_COMMON_BLOCKS = YES;
				GCC_WARN_64_TO_32_BIT_CONVERSION = YES;
				GCC_WARN_ABOUT_RETURN_TYPE = YES_ERROR;
				GCC_WARN_UNDECLARED_SELECTOR = YES;
				GCC_WARN_UNINITIALIZED_AUTOS = YES_AGGRESSIVE;
				GCC_WARN_UNUSED_FUNCTION = YES;
				GCC_WARN_UNUSED_VARIABLE = YES;
				IPHONEOS_DEPLOYMENT_TARGET = 18.2;
				LOCALIZATION_PREFERS_STRING_CATALOGS = YES;
				MTL_ENABLE_DEBUG_INFO = NO;
				MTL_FAST_MATH = YES;
				SDKROOT = iphoneos;
				SWIFT_COMPILATION_MODE = wholemodule;
				VALIDATE_PRODUCT = YES;
			};
			name = Release;
		};
		891A41982D5A8A9800D5343B /* Debug */ = {
			isa = XCBuildConfiguration;
			buildSettings = {
				ASSETCATALOG_COMPILER_APPICON_NAME = AppIcon;
				ASSETCATALOG_COMPILER_GLOBAL_ACCENT_COLOR_NAME = AccentColor;
				CODE_SIGN_STYLE = Automatic;
				CURRENT_PROJECT_VERSION = 1;
				DEVELOPMENT_ASSET_PATHS = "\"Spotify Project/Preview Content\"";
				ENABLE_PREVIEWS = YES;
				GENERATE_INFOPLIST_FILE = YES;
				INFOPLIST_KEY_UIApplicationSceneManifest_Generation = YES;
				INFOPLIST_KEY_UIApplicationSupportsIndirectInputEvents = YES;
				INFOPLIST_KEY_UILaunchScreen_Generation = YES;
				INFOPLIST_KEY_UISupportedInterfaceOrientations_iPad = "UIInterfaceOrientationPortrait UIInterfaceOrientationPortraitUpsideDown UIInterfaceOrientationLandscapeLeft UIInterfaceOrientationLandscapeRight";
				INFOPLIST_KEY_UISupportedInterfaceOrientations_iPhone = "UIInterfaceOrientationPortrait UIInterfaceOrientationLandscapeLeft UIInterfaceOrientationLandscapeRight";
				LD_RUNPATH_SEARCH_PATHS = (
					"$(inherited)",
					"@executable_path/Frameworks",
				);
				MARKETING_VERSION = 1.0;
				PRODUCT_BUNDLE_IDENTIFIER = "name.matthewbarghout.Spotify-Project";
				PRODUCT_NAME = "$(TARGET_NAME)";
				SWIFT_EMIT_LOC_STRINGS = YES;
				SWIFT_VERSION = 5.0;
				TARGETED_DEVICE_FAMILY = "1,2";
			};
			name = Debug;
		};
		891A41992D5A8A9800D5343B /* Release */ = {
			isa = XCBuildConfiguration;
			buildSettings = {
				ASSETCATALOG_COMPILER_APPICON_NAME = AppIcon;
				ASSETCATALOG_COMPILER_GLOBAL_ACCENT_COLOR_NAME = AccentColor;
				CODE_SIGN_STYLE = Automatic;
				CURRENT_PROJECT_VERSION = 1;
				DEVELOPMENT_ASSET_PATHS = "\"Spotify Project/Preview Content\"";
				ENABLE_PREVIEWS = YES;
				GENERATE_INFOPLIST_FILE = YES;
				INFOPLIST_KEY_UIApplicationSceneManifest_Generation = YES;
				INFOPLIST_KEY_UIApplicationSupportsIndirectInputEvents = YES;
				INFOPLIST_KEY_UILaunchScreen_Generation = YES;
				INFOPLIST_KEY_UISupportedInterfaceOrientations_iPad = "UIInterfaceOrientationPortrait UIInterfaceOrientationPortraitUpsideDown UIInterfaceOrientationLandscapeLeft UIInterfaceOrientationLandscapeRight";
				INFOPLIST_KEY_UISupportedInterfaceOrientations_iPhone = "UIInterfaceOrientationPortrait UIInterfaceOrientationLandscapeLeft UIInterfaceOrientationLandscapeRight";
				LD_RUNPATH_SEARCH_PATHS = (
					"$(inherited)",
					"@executable_path/Frameworks",
				);
				MARKETING_VERSION = 1.0;
				PRODUCT_BUNDLE_IDENTIFIER = "name.matthewbarghout.Spotify-Project";
				PRODUCT_NAME = "$(TARGET_NAME)";
				SWIFT_EMIT_LOC_STRINGS = YES;
				SWIFT_VERSION = 5.0;
				TARGETED_DEVICE_FAMILY = "1,2";
			};
			name = Release;
		};
		891A419B2D5A8A9800D5343B /* Debug */ = {
			isa = XCBuildConfiguration;
			buildSettings = {
				BUNDLE_LOADER = "$(TEST_HOST)";
				CODE_SIGN_STYLE = Automatic;
				CURRENT_PROJECT_VERSION = 1;
				GENERATE_INFOPLIST_FILE = YES;
				IPHONEOS_DEPLOYMENT_TARGET = 18.2;
				MARKETING_VERSION = 1.0;
				PRODUCT_BUNDLE_IDENTIFIER = "name.matthewbarghout.Spotify-ProjectTests";
				PRODUCT_NAME = "$(TARGET_NAME)";
				SWIFT_EMIT_LOC_STRINGS = NO;
				SWIFT_VERSION = 5.0;
				TARGETED_DEVICE_FAMILY = "1,2";
				TEST_HOST = "$(BUILT_PRODUCTS_DIR)/Spotify Project.app/$(BUNDLE_EXECUTABLE_FOLDER_PATH)/Spotify Project";
			};
			name = Debug;
		};
		891A419C2D5A8A9800D5343B /* Release */ = {
			isa = XCBuildConfiguration;
			buildSettings = {
				BUNDLE_LOADER = "$(TEST_HOST)";
				CODE_SIGN_STYLE = Automatic;
				CURRENT_PROJECT_VERSION = 1;
				GENERATE_INFOPLIST_FILE = YES;
				IPHONEOS_DEPLOYMENT_TARGET = 18.2;
				MARKETING_VERSION = 1.0;
				PRODUCT_BUNDLE_IDENTIFIER = "name.matthewbarghout.Spotify-ProjectTests";
				PRODUCT_NAME = "$(TARGET_NAME)";
				SWIFT_EMIT_LOC_STRINGS = NO;
				SWIFT_VERSION = 5.0;
				TARGETED_DEVICE_FAMILY = "1,2";
				TEST_HOST = "$(BUILT_PRODUCTS_DIR)/Spotify Project.app/$(BUNDLE_EXECUTABLE_FOLDER_PATH)/Spotify Project";
			};
			name = Release;
		};
		891A419E2D5A8A9800D5343B /* Debug */ = {
			isa = XCBuildConfiguration;
			buildSettings = {
				CODE_SIGN_STYLE = Automatic;
				CURRENT_PROJECT_VERSION = 1;
				GENERATE_INFOPLIST_FILE = YES;
				MARKETING_VERSION = 1.0;
				PRODUCT_BUNDLE_IDENTIFIER = "name.matthewbarghout.Spotify-ProjectUITests";
				PRODUCT_NAME = "$(TARGET_NAME)";
				SWIFT_EMIT_LOC_STRINGS = NO;
				SWIFT_VERSION = 5.0;
				TARGETED_DEVICE_FAMILY = "1,2";
				TEST_TARGET_NAME = "Spotify Project";
			};
			name = Debug;
		};
		891A419F2D5A8A9800D5343B /* Release */ = {
			isa = XCBuildConfiguration;
			buildSettings = {
				CODE_SIGN_STYLE = Automatic;
				CURRENT_PROJECT_VERSION = 1;
				GENERATE_INFOPLIST_FILE = YES;
				MARKETING_VERSION = 1.0;
				PRODUCT_BUNDLE_IDENTIFIER = "name.matthewbarghout.Spotify-ProjectUITests";
				PRODUCT_NAME = "$(TARGET_NAME)";
				SWIFT_EMIT_LOC_STRINGS = NO;
				SWIFT_VERSION = 5.0;
				TARGETED_DEVICE_FAMILY = "1,2";
				TEST_TARGET_NAME = "Spotify Project";
			};
			name = Release;
		};
/* End XCBuildConfiguration section */

/* Begin XCConfigurationList section */
		891A416E2D5A8A9600D5343B /* Build configuration list for PBXProject "Spotify Project" */ = {
			isa = XCConfigurationList;
			buildConfigurations = (
				891A41952D5A8A9800D5343B /* Debug */,
				891A41962D5A8A9800D5343B /* Release */,
			);
			defaultConfigurationIsVisible = 0;
			defaultConfigurationName = Release;
		};
		891A41972D5A8A9800D5343B /* Build configuration list for PBXNativeTarget "Spotify Project" */ = {
			isa = XCConfigurationList;
			buildConfigurations = (
				891A41982D5A8A9800D5343B /* Debug */,
				891A41992D5A8A9800D5343B /* Release */,
			);
			defaultConfigurationIsVisible = 0;
			defaultConfigurationName = Release;
		};
		891A419A2D5A8A9800D5343B /* Build configuration list for PBXNativeTarget "Spotify ProjectTests" */ = {
			isa = XCConfigurationList;
			buildConfigurations = (
				891A419B2D5A8A9800D5343B /* Debug */,
				891A419C2D5A8A9800D5343B /* Release */,
			);
			defaultConfigurationIsVisible = 0;
			defaultConfigurationName = Release;
		};
		891A419D2D5A8A9800D5343B /* Build configuration list for PBXNativeTarget "Spotify ProjectUITests" */ = {
			isa = XCConfigurationList;
			buildConfigurations = (
				891A419E2D5A8A9800D5343B /* Debug */,
				891A419F2D5A8A9800D5343B /* Release */,
			);
			defaultConfigurationIsVisible = 0;
			defaultConfigurationName = Release;
		};
/* End XCConfigurationList section */
	};
	rootObject = 891A416B2D5A8A9600D5343B /* Project object */;
}
